SITE
  remote: http://community.opscode.com/api/v1
  specs:
    apt (1.4.8)
    bluepill (1.1.0)
    build-essential (1.1.0)
    nginx (1.0.2)
      bluepill (>= 0.0.0)
      build-essential (>= 0.0.0)
      ohai (>= 1.1.0)
      runit (>= 0.0.0)
      yum (>= 0.0.0)
    ohai (1.1.2)
    runit (0.15.0)
    yum (0.8.0)

DEPENDENCIES
  apt (>= 0)
  nginx (>= 0)

